
Microsoft Visual Studio Solution File, Format Version 12.00
# Visual Studio Version 16
VisualStudioVersion = 16.0.31410.357
MinimumVisualStudioVersion = 10.0.40219.1
Project("{FAE04EC0-301F-11D3-BF4B-00C04F79EFBC}") = "Encapsulation", "Encapsulation\Encapsulation.csproj", "{08F2E5FE-3BBF-4D15-AB71-E7E3D0AA214A}"
EndProject
Global
	GlobalSection(SolutionConfigurationPlatforms) = preSolution
		Debug|Any CPU = Debug|Any CPU
		Release|Any CPU = Release|Any CPU
	EndGlobalSection
	GlobalSection(ProjectConfigurationPlatforms) = postSolution
		{08F2E5FE-3BBF-4D15-AB71-E7E3D0AA214A}.Debug|Any CPU.ActiveCfg = Debug|Any CPU
		{08F2E5FE-3BBF-4D15-AB71-E7E3D0AA214A}.Debug|Any CPU.Build.0 = Debug|Any CPU
		{08F2E5FE-3BBF-4D15-AB71-E7E3D0AA214A}.Release|Any CPU.ActiveCfg = Release|Any CPU
		{08F2E5FE-3BBF-4D15-AB71-E7E3D0AA214A}.Release|Any CPU.Build.0 = Release|Any CPU
	EndGlobalSection
	GlobalSection(SolutionProperties) = preSolution
		HideSolutionNode = FALSE
	EndGlobalSection
	GlobalSection(ExtensibilityGlobals) = postSolution
		SolutionGuid = {4B3B8F62-41F8-4F48-A8B6-1BF2F2A144CC}
	EndGlobalSection
EndGlobal
